# ecosystem<TAB>owner/name<TAB>commit  (commit = default-branch HEAD as of 2026-09-02T23:59:59Z, the macOS measurement day; resolved 2026-09-05 via GitHub API)
python	yt-dlp/yt-dlp	bbc809a1161d3bfca51fa36f59dda35556ee85a0
python	AUTOMATIC1111/stable-diffusion-webui	82a973c04367123ae98bd9abdf80d9eda9b910e2
python	ytdl-org/youtube-dl	956b8c585591b401a543e409accb163eeaaa1193
python	github/spec-kit	a369c5c27f05ec51fe1667051cfe106f424975b5
python	Comfy-Org/ComfyUI	567275141678c9fd65bafef6aa9dcb4ac9bd70e3
python	Graphify-Labs/graphify	18e63909b8bbd7af404e55d0843ba27e43e9d208
python	browser-use/browser-use	fffcc571194e9864586ccf2185c36203e6cc36df
python	openai/whisper	86098128c0b4f24f0e2aa2994de830614b474227
python	TauricResearch/TradingAgents	9dee508c44662702281a8dbaad1f7b42179b5ba7
python	fastapi/fastapi	50113da16fec53b66b80d75e80a89296de4fa5a5
python	nvbn/thefuck	c7e7e1d884d3bb241ea6448f72a989434c2a35ec
python	hacksider/Deep-Live-Cam	bc48ba430837cd7f733346deeafda4c9217d11f1
python	karpathy/autoresearch	228791fb499afffb54b46200aca536f79142f117
python	3b1b/manim	9d57bcf9edea2486f214e190931de2a5537f23c1
python	sherlock-project/sherlock	9100f9d40a3274bd46f4ce903c5c6fee6f3745bc
python	vllm-project/vllm	ad127d9a0fb16c92de563e674e3737463e7f8688
python	django/django	5180f82f48b589f93cddc7be7896f654a9aec1ad
python	odysseus-dev/odysseus	affaee1e668001a57e2966e8f26a436f19ec1304
python	unclecode/crawl4ai	862f6bccb9c063f49b9d42701baa0eea17a4993f
python	Z4nzu/hackingtool	ef5334f8d37e5be2eecbf56e334f5e3f0f6817ec
python	opendatalab/MinerU	4fe4bde114a23ee5dd637eae99b767f4669bf58c
python	D4Vinci/Scrapling	1f40d9b11b531ea46e9a2f9447f8757e4a71621c
python	Panniantong/Agent-Reach	da5044d26fc6adddb6554d5679c94ac22e76e428
python	unslothai/unsloth	cb2d2a0f670775df70888f910f62ef259c1d0166
python	hiyouga/LlamaFactory	4451765a6b04ff08a6c5650f5953513608ae9e64
python	pallets/flask	d318b683471101618febed18996405ad26462110
python	binary-husky/gpt_academic	d6bde0fa54373309bd05823a49bda8da019d2c77
python	ansible/ansible	6c8dfcf11a9eb30a52a80478dfa57c9c5fc58412
python	FoundationAgents/MetaGPT	11cdf466d042aece04fc6cfd13b28e1a70341b1f
python	headroomlabs-ai/headroom	5d025f7a03870a402918e6425ca9fcd40400edb2
npm	affaan-m/ECC	d3652039ac0b8dd9545ecc30ef4b95397f8e3cfd
npm	vuejs/vue	9e88707940088cb1f4cd7dd210c9168a50dc347c
npm	deepseek-ai/deepseek-harness	06b93748ebe929198db126a4ed17e9d011ad6344
npm	airbnb/javascript	8ed19247bef145e3cc41b24a02dd1fe6d9b5e681
npm	clash-verge-rev/clash-verge-rev	9cb4ce6cb1d98cd2764c6fb80f012af2a27e6c84
npm	garrytan/gstack	0d1bd5616c0ef096bb7ccee336f63c60ee408618
npm	excalidraw/excalidraw	e1bb9ff8f8931e783c11d104abb8967ac6605c9a
npm	shadcn-ui/ui	71e50952fbb7eda2c992660d36cd58671a2edf42
npm	DietrichGebert/ponytail	2ed6c52c9d7e5e56942508591085fd45dea277d3
npm	axios/axios	81df7a519431f5d703074df700dc40782a61fa9e
npm	google-gemini/gemini-cli	55b495d6db1794bf5b7f37a9bc03ebcab5103673
npm	react/create-react-app	6254386531d263688ccfa542d0e628fbc0de0b28
npm	earendil-works/pi	4e69b0c28060f0f02fbe38bfa7c21a2e2eb25057
npm	ant-design/ant-design	77d831751b3452a8291256fa187553a258e2cf1e
npm	tailwindlabs/tailwindcss	f723e834ad032aa0f42405f95f684be3cfcac8ef
npm	microsoft/playwright	e9163e238dcc3951b8cfbd45e0ebc8b6e3c4d194
npm	louislam/uptime-kuma	013c381fc2a9553573558673748fc56126f61928
npm	mermaid-js/mermaid	0d75e522dc5b1e041b73bfbcadfd49ca69cc90bc
npm	modelcontextprotocol/servers	48723c95dc54ffb743650f0d75484434c8c254c6
npm	ChatGPTNextWeb/NextChat	defdcdb55d850cd12c4c657eb83729fd66e215c0
npm	sveltejs/svelte	4bf15ae6f304b9aa49a4396c3f51dc423d0722dc
npm	koala73/worldmonitor	4326d73dad036871cd33d567bd5890e3d55ab034
npm	vitejs/vite	1c46db555d2927fc62686341911b03f6d365a36a
npm	Egonex-AI/Understand-Anything	ba450c43425f3de6d43daf76526950ad8ca93536
npm	hoppscotch/hoppscotch	ac145e7f758151b41fd46d3e5f513886ce9068ba
npm	paperclipai/paperclip	8c89340444cfcf7438ac81c211d243f189cedd1d
npm	anuraghazra/github-readme-stats	54a7985aeefda00d5eadb55b80c17c7f976c37d2
npm	coder/code-server	2b2f8b3d5c64e2f0bda876e4b1a95a79067ca01a
npm	typicode/json-server	89a34a44b7a6a5311dc84f3b8a1b8b45c0905aea
npm	Eugeny/tabby	14e2d60b9b6dee84a53c37f05eefeb803787de04
